// !$*UTF8*$!
{
	archiveVersion = 1;
	classes = {
	};
	objectVersion = 50;
	objects = {

/* Begin PBXBuildFile section */
		227AF06522B0CA8400BC2338 /* AppDelegate.swift in Sources */ = {isa = PBXBuildFile; fileRef = 227AF06422B0CA8400BC2338 /* AppDelegate.swift */; };
		227AF06722B0CA8400BC2338 /* SceneDelegate.swift in Sources */ = {isa = PBXBuildFile; fileRef = 227AF06622B0CA8400BC2338 /* SceneDelegate.swift */; };
		227AF06922B0CA8400BC2338 /* ContentView.swift in Sources */ = {isa = PBXBuildFile; fileRef = 227AF06822B0CA8400BC2338 /* ContentView.swift */; };
		227AF06B22B0CA8500BC2338 /* Assets.xcassets in Resources */ = {isa = PBXBuildFile; fileRef = 227AF06A22B0CA8500BC2338 /* Assets.xcassets */; };
		227AF06E22B0CA8500BC2338 /* Preview Assets.xcassets in Resources */ = {isa = PBXBuildFile; fileRef = 227AF06D22B0CA8500BC2338 /* Preview Assets.xcassets */; };
		227AF07122B0CA8500BC2338 /* LaunchScreen.storyboard in Resources */ = {isa = PBXBuildFile; fileRef = 227AF06F22B0CA8500BC2338 /* LaunchScreen.storyboard */; };
		227AF07F22B0CA9F00BC2338 /* AppDelegate.swift in Sources */ = {isa = PBXBuildFile; fileRef = 227AF07E22B0CA9F00BC2338 /* AppDelegate.swift */; };
		227AF08122B0CA9F00BC2338 /* SceneDelegate.swift in Sources */ = {isa = PBXBuildFile; fileRef = 227AF08022B0CA9F00BC2338 /* SceneDelegate.swift */; };
		227AF08322B0CA9F00BC2338 /* ContentView.swift in Sources */ = {isa = PBXBuildFile; fileRef = 227AF08222B0CA9F00BC2338 /* ContentView.swift */; };
		227AF08522B0CAA000BC2338 /* Assets.xcassets in Resources */ = {isa = PBXBuildFile; fileRef = 227AF08422B0CAA000BC2338 /* Assets.xcassets */; };
		227AF08822B0CAA000BC2338 /* Preview Assets.xcassets in Resources */ = {isa = PBXBuildFile; fileRef = 227AF08722B0CAA000BC2338 /* Preview Assets.xcassets */; };
		227AF08B22B0CAA000BC2338 /* LaunchScreen.storyboard in Resources */ = {isa = PBXBuildFile; fileRef = 227AF08922B0CAA000BC2338 /* LaunchScreen.storyboard */; };
		227AF09222B0CB3400BC2338 /* CircleImages.swift in Sources */ = {isa = PBXBuildFile; fileRef = 227AF09122B0CB3400BC2338 /* CircleImages.swift */; };
		227AF0CF22B0CC3F00BC2338 /* Data.swift in Sources */ = {isa = PBXBuildFile; fileRef = 227AF0CE22B0CC3F00BC2338 /* Data.swift */; };
		227AF0D122B0CC5A00BC2338 /* Landmark.swift in Sources */ = {isa = PBXBuildFile; fileRef = 227AF0D022B0CC5A00BC2338 /* Landmark.swift */; };
		227AF0D622B0CC7600BC2338 /* UserData.swift in Sources */ = {isa = PBXBuildFile; fileRef = 227AF0D222B0CC7600BC2338 /* UserData.swift */; };
		227AF0D722B0CC7600BC2338 /* LandmarkRow.swift in Sources */ = {isa = PBXBuildFile; fileRef = 227AF0D322B0CC7600BC2338 /* LandmarkRow.swift */; };
		227AF0D822B0CC7600BC2338 /* LandmarkList.swift in Sources */ = {isa = PBXBuildFile; fileRef = 227AF0D422B0CC7600BC2338 /* LandmarkList.swift */; };
		227AF0D922B0CC7600BC2338 /* LandmarkDetail.swift in Sources */ = {isa = PBXBuildFile; fileRef = 227AF0D522B0CC7600BC2338 /* LandmarkDetail.swift */; };
		227AF0DB22B0CCB800BC2338 /* MapView.swift in Sources */ = {isa = PBXBuildFile; fileRef = 227AF0DA22B0CCB800BC2338 /* MapView.swift */; };
		227AF0E422B0D6B100BC2338 /* AppDelegate.swift in Sources */ = {isa = PBXBuildFile; fileRef = 227AF0E322B0D6B100BC2338 /* AppDelegate.swift */; };
		227AF0E622B0D6B100BC2338 /* SceneDelegate.swift in Sources */ = {isa = PBXBuildFile; fileRef = 227AF0E522B0D6B100BC2338 /* SceneDelegate.swift */; };
		227AF0E822B0D6B100BC2338 /* ContentView.swift in Sources */ = {isa = PBXBuildFile; fileRef = 227AF0E722B0D6B100BC2338 /* ContentView.swift */; };
		227AF0EA22B0D6B200BC2338 /* Assets.xcassets in Resources */ = {isa = PBXBuildFile; fileRef = 227AF0E922B0D6B200BC2338 /* Assets.xcassets */; };
		227AF0ED22B0D6B200BC2338 /* Preview Assets.xcassets in Resources */ = {isa = PBXBuildFile; fileRef = 227AF0EC22B0D6B200BC2338 /* Preview Assets.xcassets */; };
		227AF0F022B0D6B200BC2338 /* LaunchScreen.storyboard in Resources */ = {isa = PBXBuildFile; fileRef = 227AF0EE22B0D6B200BC2338 /* LaunchScreen.storyboard */; };
		227AF0F622B0D88000BC2338 /* Badge.swift in Sources */ = {isa = PBXBuildFile; fileRef = 227AF0F522B0D88000BC2338 /* Badge.swift */; };
		227AF0F822B0D8A300BC2338 /* HexagonParameters.swift in Sources */ = {isa = PBXBuildFile; fileRef = 227AF0F722B0D8A300BC2338 /* HexagonParameters.swift */; };
		227AF0FA22B0E40300BC2338 /* BadgeBackground.swift in Sources */ = {isa = PBXBuildFile; fileRef = 227AF0F922B0E40300BC2338 /* BadgeBackground.swift */; };
		227AF0FC22B0E46600BC2338 /* BadgeSymbol.swift in Sources */ = {isa = PBXBuildFile; fileRef = 227AF0FB22B0E46600BC2338 /* BadgeSymbol.swift */; };
		227AF0FE22B0E60400BC2338 /* RotatedBadgeSymbol.swift in Sources */ = {isa = PBXBuildFile; fileRef = 227AF0FD22B0E60400BC2338 /* RotatedBadgeSymbol.swift */; };
		22A58EA622B5EE870068F7C8 /* AppDelegate.swift in Sources */ = {isa = PBXBuildFile; fileRef = 22A58EA522B5EE870068F7C8 /* AppDelegate.swift */; };
		22A58EA822B5EE870068F7C8 /* SceneDelegate.swift in Sources */ = {isa = PBXBuildFile; fileRef = 22A58EA722B5EE870068F7C8 /* SceneDelegate.swift */; };
		22A58EAA22B5EE870068F7C8 /* ContentView.swift in Sources */ = {isa = PBXBuildFile; fileRef = 22A58EA922B5EE870068F7C8 /* ContentView.swift */; };
		22A58EAC22B5EE890068F7C8 /* Assets.xcassets in Resources */ = {isa = PBXBuildFile; fileRef = 22A58EAB22B5EE890068F7C8 /* Assets.xcassets */; };
		22A58EAF22B5EE890068F7C8 /* Preview Assets.xcassets in Resources */ = {isa = PBXBuildFile; fileRef = 22A58EAE22B5EE890068F7C8 /* Preview Assets.xcassets */; };
		22A58EB222B5EE890068F7C8 /* LaunchScreen.storyboard in Resources */ = {isa = PBXBuildFile; fileRef = 22A58EB022B5EE890068F7C8 /* LaunchScreen.storyboard */; };
		22A58EC522B5F0000068F7C8 /* turtlerock.jpg in Resources */ = {isa = PBXBuildFile; fileRef = 22A58EB822B5F0000068F7C8 /* turtlerock.jpg */; };
		22A58EC622B5F0000068F7C8 /* silversalmoncreek.jpg in Resources */ = {isa = PBXBuildFile; fileRef = 22A58EB922B5F0000068F7C8 /* silversalmoncreek.jpg */; };
		22A58EC722B5F0000068F7C8 /* icybay.jpg in Resources */ = {isa = PBXBuildFile; fileRef = 22A58EBA22B5F0000068F7C8 /* icybay.jpg */; };
		22A58EC822B5F0000068F7C8 /* lakemcdonald.jpg in Resources */ = {isa = PBXBuildFile; fileRef = 22A58EBB22B5F0000068F7C8 /* lakemcdonald.jpg */; };
		22A58EC922B5F0000068F7C8 /* hiddenlake.jpg in Resources */ = {isa = PBXBuildFile; fileRef = 22A58EBC22B5F0000068F7C8 /* hiddenlake.jpg */; };
		22A58ECA22B5F0000068F7C8 /* twinlake.jpg in Resources */ = {isa = PBXBuildFile; fileRef = 22A58EBD22B5F0000068F7C8 /* twinlake.jpg */; };
		22A58ECB22B5F0000068F7C8 /* umbagog.jpg in Resources */ = {isa = PBXBuildFile; fileRef = 22A58EBE22B5F0000068F7C8 /* umbagog.jpg */; };
		22A58ECC22B5F0000068F7C8 /* LandmarkData.json in Resources */ = {isa = PBXBuildFile; fileRef = 22A58EBF22B5F0000068F7C8 /* LandmarkData.json */; };
		22A58ECD22B5F0000068F7C8 /* chincoteague.jpg in Resources */ = {isa = PBXBuildFile; fileRef = 22A58EC022B5F0000068F7C8 /* chincoteague.jpg */; };
		22A58ECE22B5F0000068F7C8 /* yukon_charleyrivers.jpg in Resources */ = {isa = PBXBuildFile; fileRef = 22A58EC122B5F0000068F7C8 /* yukon_charleyrivers.jpg */; };
		22A58ECF22B5F0000068F7C8 /* stmarylake.jpg in Resources */ = {isa = PBXBuildFile; fileRef = 22A58EC222B5F0000068F7C8 /* stmarylake.jpg */; };
		22A58ED022B5F0000068F7C8 /* chilkoottrail.jpg in Resources */ = {isa = PBXBuildFile; fileRef = 22A58EC322B5F0000068F7C8 /* chilkoottrail.jpg */; };
		22A58ED122B5F0000068F7C8 /* rainbowlake.jpg in Resources */ = {isa = PBXBuildFile; fileRef = 22A58EC422B5F0000068F7C8 /* rainbowlake.jpg */; };
		22A58EE022B5F00D0068F7C8 /* turtlerock.jpg in Resources */ = {isa = PBXBuildFile; fileRef = 22A58ED322B5F00D0068F7C8 /* turtlerock.jpg */; };
		22A58EE122B5F00D0068F7C8 /* silversalmoncreek.jpg in Resources */ = {isa = PBXBuildFile; fileRef = 22A58ED422B5F00D0068F7C8 /* silversalmoncreek.jpg */; };
		22A58EE222B5F00D0068F7C8 /* icybay.jpg in Resources */ = {isa = PBXBuildFile; fileRef = 22A58ED522B5F00D0068F7C8 /* icybay.jpg */; };
		22A58EE322B5F00D0068F7C8 /* lakemcdonald.jpg in Resources */ = {isa = PBXBuildFile; fileRef = 22A58ED622B5F00D0068F7C8 /* lakemcdonald.jpg */; };
		22A58EE422B5F00D0068F7C8 /* hiddenlake.jpg in Resources */ = {isa = PBXBuildFile; fileRef = 22A58ED722B5F00D0068F7C8 /* hiddenlake.jpg */; };
		22A58EE522B5F00D0068F7C8 /* twinlake.jpg in Resources */ = {isa = PBXBuildFile; fileRef = 22A58ED822B5F00D0068F7C8 /* twinlake.jpg */; };
		22A58EE622B5F00D0068F7C8 /* umbagog.jpg in Resources */ = {isa = PBXBuildFile; fileRef = 22A58ED922B5F00D0068F7C8 /* umbagog.jpg */; };
		22A58EE722B5F00D0068F7C8 /* LandmarkData.json in Resources */ = {isa = PBXBuildFile; fileRef = 22A58EDA22B5F00D0068F7C8 /* LandmarkData.json */; };
		22A58EE822B5F00D0068F7C8 /* chincoteague.jpg in Resources */ = {isa = PBXBuildFile; fileRef = 22A58EDB22B5F00D0068F7C8 /* chincoteague.jpg */; };
		22A58EE922B5F00D0068F7C8 /* yukon_charleyrivers.jpg in Resources */ = {isa = PBXBuildFile; fileRef = 22A58EDC22B5F00D0068F7C8 /* yukon_charleyrivers.jpg */; };
		22A58EEA22B5F00D0068F7C8 /* stmarylake.jpg in Resources */ = {isa = PBXBuildFile; fileRef = 22A58EDD22B5F00D0068F7C8 /* stmarylake.jpg */; };
		22A58EEB22B5F00D0068F7C8 /* chilkoottrail.jpg in Resources */ = {isa = PBXBuildFile; fileRef = 22A58EDE22B5F00D0068F7C8 /* chilkoottrail.jpg */; };
		22A58EEC22B5F00D0068F7C8 /* rainbowlake.jpg in Resources */ = {isa = PBXBuildFile; fileRef = 22A58EDF22B5F00D0068F7C8 /* rainbowlake.jpg */; };
/* End PBXBuildFile section */

/* Begin PBXFileReference section */
		227AF06122B0CA8400BC2338 /* LearnSwiftUI.app */ = {isa = PBXFileReference; explicitFileType = wrapper.application; includeInIndex = 0; path = LearnSwiftUI.app; sourceTree = BUILT_PRODUCTS_DIR; };
		227AF06422B0CA8400BC2338 /* AppDelegate.swift */ = {isa = PBXFileReference; lastKnownFileType = sourcecode.swift; path = AppDelegate.swift; sourceTree = "<group>"; };
		227AF06622B0CA8400BC2338 /* SceneDelegate.swift */ = {isa = PBXFileReference; lastKnownFileType = sourcecode.swift; path = SceneDelegate.swift; sourceTree = "<group>"; };
		227AF06822B0CA8400BC2338 /* ContentView.swift */ = {isa = PBXFileReference; lastKnownFileType = sourcecode.swift; path = ContentView.swift; sourceTree = "<group>"; };
		227AF06A22B0CA8500BC2338 /* Assets.xcassets */ = {isa = PBXFileReference; lastKnownFileType = folder.assetcatalog; path = Assets.xcassets; sourceTree = "<group>"; };
		227AF06D22B0CA8500BC2338 /* Preview Assets.xcassets */ = {isa = PBXFileReference; lastKnownFileType = folder.assetcatalog; path = "Preview Assets.xcassets"; sourceTree = "<group>"; };
		227AF07022B0CA8500BC2338 /* Base */ = {isa = PBXFileReference; lastKnownFileType = file.storyboard; name = Base; path = Base.lproj/LaunchScreen.storyboard; sourceTree = "<group>"; };
		227AF07222B0CA8500BC2338 /* Info.plist */ = {isa = PBXFileReference; lastKnownFileType = text.plist.xml; path = Info.plist; sourceTree = "<group>"; };
		227AF07C22B0CA9F00BC2338 /* Landmarks.app */ = {isa = PBXFileReference; explicitFileType = wrapper.application; includeInIndex = 0; path = Landmarks.app; sourceTree = BUILT_PRODUCTS_DIR; };
		227AF07E22B0CA9F00BC2338 /* AppDelegate.swift */ = {isa = PBXFileReference; lastKnownFileType = sourcecode.swift; path = AppDelegate.swift; sourceTree = "<group>"; };
		227AF08022B0CA9F00BC2338 /* SceneDelegate.swift */ = {isa = PBXFileReference; lastKnownFileType = sourcecode.swift; path = SceneDelegate.swift; sourceTree = "<group>"; };
		227AF08222B0CA9F00BC2338 /* ContentView.swift */ = {isa = PBXFileReference; lastKnownFileType = sourcecode.swift; path = ContentView.swift; sourceTree = "<group>"; };
		227AF08422B0CAA000BC2338 /* Assets.xcassets */ = {isa = PBXFileReference; lastKnownFileType = folder.assetcatalog; path = Assets.xcassets; sourceTree = "<group>"; };
		227AF08722B0CAA000BC2338 /* Preview Assets.xcassets */ = {isa = PBXFileReference; lastKnownFileType = folder.assetcatalog; path = "Preview Assets.xcassets"; sourceTree = "<group>"; };
		227AF08A22B0CAA000BC2338 /* Base */ = {isa = PBXFileReference; lastKnownFileType = file.storyboard; name = Base; path = Base.lproj/LaunchScreen.storyboard; sourceTree = "<group>"; };
		227AF08C22B0CAA000BC2338 /* Info.plist */ = {isa = PBXFileReference; lastKnownFileType = text.plist.xml; path = Info.plist; sourceTree = "<group>"; };
		227AF09122B0CB3400BC2338 /* CircleImages.swift */ = {isa = PBXFileReference; lastKnownFileType = sourcecode.swift; path = CircleImages.swift; sourceTree = "<group>"; };
		227AF0CE22B0CC3F00BC2338 /* Data.swift */ = {isa = PBXFileReference; lastKnownFileType = sourcecode.swift; path = Data.swift; sourceTree = "<group>"; };
		227AF0D022B0CC5A00BC2338 /* Landmark.swift */ = {isa = PBXFileReference; lastKnownFileType = sourcecode.swift; path = Landmark.swift; sourceTree = "<group>"; };
		227AF0D222B0CC7600BC2338 /* UserData.swift */ = {isa = PBXFileReference; fileEncoding = 4; lastKnownFileType = sourcecode.swift; path = UserData.swift; sourceTree = "<group>"; };
		227AF0D322B0CC7600BC2338 /* LandmarkRow.swift */ = {isa = PBXFileReference; fileEncoding = 4; lastKnownFileType = sourcecode.swift; path = LandmarkRow.swift; sourceTree = "<group>"; };
		227AF0D422B0CC7600BC2338 /* LandmarkList.swift */ = {isa = PBXFileReference; fileEncoding = 4; lastKnownFileType = sourcecode.swift; path = LandmarkList.swift; sourceTree = "<group>"; };
		227AF0D522B0CC7600BC2338 /* LandmarkDetail.swift */ = {isa = PBXFileReference; fileEncoding = 4; lastKnownFileType = sourcecode.swift; path = LandmarkDetail.swift; sourceTree = "<group>"; };
		227AF0DA22B0CCB800BC2338 /* MapView.swift */ = {isa = PBXFileReference; fileEncoding = 4; lastKnownFileType = sourcecode.swift; path = MapView.swift; sourceTree = "<group>"; };
		227AF0E122B0D6B100BC2338 /* DrawingAndAnimation.app */ = {isa = PBXFileReference; explicitFileType = wrapper.application; includeInIndex = 0; path = DrawingAndAnimation.app; sourceTree = BUILT_PRODUCTS_DIR; };
		227AF0E322B0D6B100BC2338 /* AppDelegate.swift */ = {isa = PBXFileReference; lastKnownFileType = sourcecode.swift; path = AppDelegate.swift; sourceTree = "<group>"; };
		227AF0E522B0D6B100BC2338 /* SceneDelegate.swift */ = {isa = PBXFileReference; lastKnownFileType = sourcecode.swift; path = SceneDelegate.swift; sourceTree = "<group>"; };
		227AF0E722B0D6B100BC2338 /* ContentView.swift */ = {isa = PBXFileReference; lastKnownFileType = sourcecode.swift; path = ContentView.swift; sourceTree = "<group>"; };
		227AF0E922B0D6B200BC2338 /* Assets.xcassets */ = {isa = PBXFileReference; lastKnownFileType = folder.assetcatalog; path = Assets.xcassets; sourceTree = "<group>"; };
		227AF0EC22B0D6B200BC2338 /* Preview Assets.xcassets */ = {isa = PBXFileReference; lastKnownFileType = folder.assetcatalog; path = "Preview Assets.xcassets"; sourceTree = "<group>"; };
		227AF0EF22B0D6B200BC2338 /* Base */ = {isa = PBXFileReference; lastKnownFileType = file.storyboard; name = Base; path = Base.lproj/LaunchScreen.storyboard; sourceTree = "<group>"; };
		227AF0F122B0D6B200BC2338 /* Info.plist */ = {isa = PBXFileReference; lastKnownFileType = text.plist.xml; path = Info.plist; sourceTree = "<group>"; };
		227AF0F522B0D88000BC2338 /* Badge.swift */ = {isa = PBXFileReference; lastKnownFileType = sourcecode.swift; path = Badge.swift; sourceTree = "<group>"; };
		227AF0F722B0D8A300BC2338 /* HexagonParameters.swift */ = {isa = PBXFileReference; lastKnownFileType = sourcecode.swift; path = HexagonParameters.swift; sourceTree = "<group>"; };
		227AF0F922B0E40300BC2338 /* BadgeBackground.swift */ = {isa = PBXFileReference; lastKnownFileType = sourcecode.swift; path = BadgeBackground.swift; sourceTree = "<group>"; };
		227AF0FB22B0E46600BC2338 /* BadgeSymbol.swift */ = {isa = PBXFileReference; lastKnownFileType = sourcecode.swift; path = BadgeSymbol.swift; sourceTree = "<group>"; };
		227AF0FD22B0E60400BC2338 /* RotatedBadgeSymbol.swift */ = {isa = PBXFileReference; lastKnownFileType = sourcecode.swift; path = RotatedBadgeSymbol.swift; sourceTree = "<group>"; };
		22A58EA322B5EE870068F7C8 /* Views.app */ = {isa = PBXFileReference; explicitFileType = wrapper.application; includeInIndex = 0; path = Views.app; sourceTree = BUILT_PRODUCTS_DIR; };
		22A58EA522B5EE870068F7C8 /* AppDelegate.swift */ = {isa = PBXFileReference; lastKnownFileType = sourcecode.swift; path = AppDelegate.swift; sourceTree = "<group>"; };
		22A58EA722B5EE870068F7C8 /* SceneDelegate.swift */ = {isa = PBXFileReference; lastKnownFileType = sourcecode.swift; path = SceneDelegate.swift; sourceTree = "<group>"; };
		22A58EA922B5EE870068F7C8 /* ContentView.swift */ = {isa = PBXFileReference; lastKnownFileType = sourcecode.swift; path = ContentView.swift; sourceTree = "<group>"; };
		22A58EAB22B5EE890068F7C8 /* Assets.xcassets */ = {isa = PBXFileReference; lastKnownFileType = folder.assetcatalog; path = Assets.xcassets; sourceTree = "<group>"; };
		22A58EAE22B5EE890068F7C8 /* Preview Assets.xcassets */ = {isa = PBXFileReference; lastKnownFileType = folder.assetcatalog; path = "Preview Assets.xcassets"; sourceTree = "<group>"; };
		22A58EB122B5EE890068F7C8 /* Base */ = {isa = PBXFileReference; lastKnownFileType = file.storyboard; name = Base; path = Base.lproj/LaunchScreen.storyboard; sourceTree = "<group>"; };
		22A58EB322B5EE890068F7C8 /* Info.plist */ = {isa = PBXFileReference; lastKnownFileType = text.plist.xml; path = Info.plist; sourceTree = "<group>"; };
		22A58EB822B5F0000068F7C8 /* turtlerock.jpg */ = {isa = PBXFileReference; lastKnownFileType = image.jpeg; path = turtlerock.jpg; sourceTree = "<group>"; };
		22A58EB922B5F0000068F7C8 /* silversalmoncreek.jpg */ = {isa = PBXFileReference; lastKnownFileType = image.jpeg; path = silversalmoncreek.jpg; sourceTree = "<group>"; };
		22A58EBA22B5F0000068F7C8 /* icybay.jpg */ = {isa = PBXFileReference; lastKnownFileType = image.jpeg; path = icybay.jpg; sourceTree = "<group>"; };
		22A58EBB22B5F0000068F7C8 /* lakemcdonald.jpg */ = {isa = PBXFileReference; lastKnownFileType = image.jpeg; path = lakemcdonald.jpg; sourceTree = "<group>"; };
		22A58EBC22B5F0000068F7C8 /* hiddenlake.jpg */ = {isa = PBXFileReference; lastKnownFileType = image.jpeg; path = hiddenlake.jpg; sourceTree = "<group>"; };
		22A58EBD22B5F0000068F7C8 /* twinlake.jpg */ = {isa = PBXFileReference; lastKnownFileType = image.jpeg; path = twinlake.jpg; sourceTree = "<group>"; };
		22A58EBE22B5F0000068F7C8 /* umbagog.jpg */ = {isa = PBXFileReference; lastKnownFileType = image.jpeg; path = umbagog.jpg; sourceTree = "<group>"; };
		22A58EBF22B5F0000068F7C8 /* LandmarkData.json */ = {isa = PBXFileReference; fileEncoding = 4; lastKnownFileType = text.json; path = LandmarkData.json; sourceTree = "<group>"; };
		22A58EC022B5F0000068F7C8 /* chincoteague.jpg */ = {isa = PBXFileReference; lastKnownFileType = image.jpeg; path = chincoteague.jpg; sourceTree = "<group>"; };
		22A58EC122B5F0000068F7C8 /* yukon_charleyrivers.jpg */ = {isa = PBXFileReference; lastKnownFileType = image.jpeg; path = yukon_charleyrivers.jpg; sourceTree = "<group>"; };
		22A58EC222B5F0000068F7C8 /* stmarylake.jpg */ = {isa = PBXFileReference; lastKnownFileType = image.jpeg; path = stmarylake.jpg; sourceTree = "<group>"; };
		22A58EC322B5F0000068F7C8 /* chilkoottrail.jpg */ = {isa = PBXFileReference; lastKnownFileType = image.jpeg; path = chilkoottrail.jpg; sourceTree = "<group>"; };
		22A58EC422B5F0000068F7C8 /* rainbowlake.jpg */ = {isa = PBXFileReference; lastKnownFileType = image.jpeg; path = rainbowlake.jpg; sourceTree = "<group>"; };
		22A58ED322B5F00D0068F7C8 /* turtlerock.jpg */ = {isa = PBXFileReference; lastKnownFileType = image.jpeg; path = turtlerock.jpg; sourceTree = "<group>"; };
		22A58ED422B5F00D0068F7C8 /* silversalmoncreek.jpg */ = {isa = PBXFileReference; lastKnownFileType = image.jpeg; path = silversalmoncreek.jpg; sourceTree = "<group>"; };
		22A58ED522B5F00D0068F7C8 /* icybay.jpg */ = {isa = PBXFileReference; lastKnownFileType = image.jpeg; path = icybay.jpg; sourceTree = "<group>"; };
		22A58ED622B5F00D0068F7C8 /* lakemcdonald.jpg */ = {isa = PBXFileReference; lastKnownFileType = image.jpeg; path = lakemcdonald.jpg; sourceTree = "<group>"; };
		22A58ED722B5F00D0068F7C8 /* hiddenlake.jpg */ = {isa = PBXFileReference; lastKnownFileType = image.jpeg; path = hiddenlake.jpg; sourceTree = "<group>"; };
		22A58ED822B5F00D0068F7C8 /* twinlake.jpg */ = {isa = PBXFileReference; lastKnownFileType = image.jpeg; path = twinlake.jpg; sourceTree = "<group>"; };
		22A58ED922B5F00D0068F7C8 /* umbagog.jpg */ = {isa = PBXFileReference; lastKnownFileType = image.jpeg; path = umbagog.jpg; sourceTree = "<group>"; };
		22A58EDA22B5F00D0068F7C8 /* LandmarkData.json */ = {isa = PBXFileReference; fileEncoding = 4; lastKnownFileType = text.json; path = LandmarkData.json; sourceTree = "<group>"; };
		22A58EDB22B5F00D0068F7C8 /* chincoteague.jpg */ = {isa = PBXFileReference; lastKnownFileType = image.jpeg; path = chincoteague.jpg; sourceTree = "<group>"; };
		22A58EDC22B5F00D0068F7C8 /* yukon_charleyrivers.jpg */ = {isa = PBXFileReference; lastKnownFileType = image.jpeg; path = yukon_charleyrivers.jpg; sourceTree = "<group>"; };
		22A58EDD22B5F00D0068F7C8 /* stmarylake.jpg */ = {isa = PBXFileReference; lastKnownFileType = image.jpeg; path = stmarylake.jpg; sourceTree = "<group>"; };
		22A58EDE22B5F00D0068F7C8 /* chilkoottrail.jpg */ = {isa = PBXFileReference; lastKnownFileType = image.jpeg; path = chilkoottrail.jpg; sourceTree = "<group>"; };
		22A58EDF22B5F00D0068F7C8 /* rainbowlake.jpg */ = {isa = PBXFileReference; lastKnownFileType = image.jpeg; path = rainbowlake.jpg; sourceTree = "<group>"; };
/* End PBXFileReference section */

/* Begin PBXFrameworksBuildPhase section */
		227AF05E22B0CA8400BC2338 /* Frameworks */ = {
			isa = PBXFrameworksBuildPhase;
			buildActionMask = 2147483647;
			files = (
			);
			runOnlyForDeploymentPostprocessing = 0;
		};
		227AF07922B0CA9F00BC2338 /* Frameworks */ = {
			isa = PBXFrameworksBuildPhase;
			buildActionMask = 2147483647;
			files = (
			);
			runOnlyForDeploymentPostprocessing = 0;
		};
		227AF0DE22B0D6B100BC2338 /* Frameworks */ = {
			isa = PBXFrameworksBuildPhase;
			buildActionMask = 2147483647;
			files = (
			);
			runOnlyForDeploymentPostprocessing = 0;
		};
		22A58EA022B5EE870068F7C8 /* Frameworks */ = {
			isa = PBXFrameworksBuildPhase;
			buildActionMask = 2147483647;
			files = (
			);
			runOnlyForDeploymentPostprocessing = 0;
		};
/* End PBXFrameworksBuildPhase section */

/* Begin PBXGroup section */
		227AF05822B0CA8400BC2338 = {
			isa = PBXGroup;
			children = (
				227AF06322B0CA8400BC2338 /* LearnSwiftUI */,
				227AF07D22B0CA9F00BC2338 /* Landmarks */,
				227AF0E222B0D6B100BC2338 /* DrawingAndAnimation */,
				22A58EA422B5EE870068F7C8 /* Views */,
				227AF06222B0CA8400BC2338 /* Products */,
			);
			sourceTree = "<group>";
		};
		227AF06222B0CA8400BC2338 /* Products */ = {
			isa = PBXGroup;
			children = (
				227AF06122B0CA8400BC2338 /* LearnSwiftUI.app */,
				227AF07C22B0CA9F00BC2338 /* Landmarks.app */,
				227AF0E122B0D6B100BC2338 /* DrawingAndAnimation.app */,
				22A58EA322B5EE870068F7C8 /* Views.app */,
			);
			name = Products;
			sourceTree = "<group>";
		};
		227AF06322B0CA8400BC2338 /* LearnSwiftUI */ = {
			isa = PBXGroup;
			children = (
				227AF06422B0CA8400BC2338 /* AppDelegate.swift */,
				227AF06622B0CA8400BC2338 /* SceneDelegate.swift */,
				227AF06822B0CA8400BC2338 /* ContentView.swift */,
				227AF06A22B0CA8500BC2338 /* Assets.xcassets */,
				227AF06F22B0CA8500BC2338 /* LaunchScreen.storyboard */,
				227AF07222B0CA8500BC2338 /* Info.plist */,
				227AF06C22B0CA8500BC2338 /* Preview Content */,
			);
			path = LearnSwiftUI;
			sourceTree = "<group>";
		};
		227AF06C22B0CA8500BC2338 /* Preview Content */ = {
			isa = PBXGroup;
			children = (
				227AF06D22B0CA8500BC2338 /* Preview Assets.xcassets */,
			);
			path = "Preview Content";
			sourceTree = "<group>";
		};
		227AF07D22B0CA9F00BC2338 /* Landmarks */ = {
			isa = PBXGroup;
			children = (
				227AF07E22B0CA9F00BC2338 /* AppDelegate.swift */,
				227AF08022B0CA9F00BC2338 /* SceneDelegate.swift */,
				227AF08222B0CA9F00BC2338 /* ContentView.swift */,
				227AF0D522B0CC7600BC2338 /* LandmarkDetail.swift */,
				227AF0D422B0CC7600BC2338 /* LandmarkList.swift */,
				227AF0D322B0CC7600BC2338 /* LandmarkRow.swift */,
				227AF0D222B0CC7600BC2338 /* UserData.swift */,
				22A58EB722B5F0000068F7C8 /* Resources */,
				227AF0CD22B0CC3100BC2338 /* Model */,
				227AF09022B0CB1200BC2338 /* SupportingViews */,
				227AF08422B0CAA000BC2338 /* Assets.xcassets */,
				227AF08922B0CAA000BC2338 /* LaunchScreen.storyboard */,
				227AF08C22B0CAA000BC2338 /* Info.plist */,
				227AF08622B0CAA000BC2338 /* Preview Content */,
			);
			path = Landmarks;
			sourceTree = "<group>";
		};
		227AF08622B0CAA000BC2338 /* Preview Content */ = {
			isa = PBXGroup;
			children = (
				227AF08722B0CAA000BC2338 /* Preview Assets.xcassets */,
			);
			path = "Preview Content";
			sourceTree = "<group>";
		};
		227AF09022B0CB1200BC2338 /* SupportingViews */ = {
			isa = PBXGroup;
			children = (
				227AF0DA22B0CCB800BC2338 /* MapView.swift */,
				227AF09122B0CB3400BC2338 /* CircleImages.swift */,
			);
			path = SupportingViews;
			sourceTree = "<group>";
		};
		227AF0CD22B0CC3100BC2338 /* Model */ = {
			isa = PBXGroup;
			children = (
				227AF0CE22B0CC3F00BC2338 /* Data.swift */,
				227AF0D022B0CC5A00BC2338 /* Landmark.swift */,
			);
			path = Model;
			sourceTree = "<group>";
		};
		227AF0E222B0D6B100BC2338 /* DrawingAndAnimation */ = {
			isa = PBXGroup;
			children = (
				227AF0E322B0D6B100BC2338 /* AppDelegate.swift */,
				227AF0E522B0D6B100BC2338 /* SceneDelegate.swift */,
				227AF0E722B0D6B100BC2338 /* ContentView.swift */,
				227AF0FD22B0E60400BC2338 /* RotatedBadgeSymbol.swift */,
				227AF0FB22B0E46600BC2338 /* BadgeSymbol.swift */,
				227AF0F522B0D88000BC2338 /* Badge.swift */,
				227AF0F922B0E40300BC2338 /* BadgeBackground.swift */,
				227AF0F722B0D8A300BC2338 /* HexagonParameters.swift */,
				227AF0E922B0D6B200BC2338 /* Assets.xcassets */,
				227AF0EE22B0D6B200BC2338 /* LaunchScreen.storyboard */,
				227AF0F122B0D6B200BC2338 /* Info.plist */,
				227AF0EB22B0D6B200BC2338 /* Preview Content */,
			);
			path = DrawingAndAnimation;
			sourceTree = "<group>";
		};
		227AF0EB22B0D6B200BC2338 /* Preview Content */ = {
			isa = PBXGroup;
			children = (
				227AF0EC22B0D6B200BC2338 /* Preview Assets.xcassets */,
			);
			path = "Preview Content";
			sourceTree = "<group>";
		};
		22A58EA422B5EE870068F7C8 /* Views */ = {
			isa = PBXGroup;
			children = (
				22A58EA522B5EE870068F7C8 /* AppDelegate.swift */,
				22A58EA722B5EE870068F7C8 /* SceneDelegate.swift */,
				22A58EA922B5EE870068F7C8 /* ContentView.swift */,
				22A58ED222B5F00D0068F7C8 /* Resources */,
				22A58EAB22B5EE890068F7C8 /* Assets.xcassets */,
				22A58EB022B5EE890068F7C8 /* LaunchScreen.storyboard */,
				22A58EB322B5EE890068F7C8 /* Info.plist */,
				22A58EAD22B5EE890068F7C8 /* Preview Content */,
			);
			path = Views;
			sourceTree = "<group>";
		};
		22A58EAD22B5EE890068F7C8 /* Preview Content */ = {
			isa = PBXGroup;
			children = (
				22A58EAE22B5EE890068F7C8 /* Preview Assets.xcassets */,
			);
			path = "Preview Content";
			sourceTree = "<group>";
		};
		22A58EB722B5F0000068F7C8 /* Resources */ = {
			isa = PBXGroup;
			children = (
				22A58EB822B5F0000068F7C8 /* turtlerock.jpg */,
				22A58EB922B5F0000068F7C8 /* silversalmoncreek.jpg */,
				22A58EBA22B5F0000068F7C8 /* icybay.jpg */,
				22A58EBB22B5F0000068F7C8 /* lakemcdonald.jpg */,
				22A58EBC22B5F0000068F7C8 /* hiddenlake.jpg */,
				22A58EBD22B5F0000068F7C8 /* twinlake.jpg */,
				22A58EBE22B5F0000068F7C8 /* umbagog.jpg */,
				22A58EBF22B5F0000068F7C8 /* LandmarkData.json */,
				22A58EC022B5F0000068F7C8 /* chincoteague.jpg */,
				22A58EC122B5F0000068F7C8 /* yukon_charleyrivers.jpg */,
				22A58EC222B5F0000068F7C8 /* stmarylake.jpg */,
				22A58EC322B5F0000068F7C8 /* chilkoottrail.jpg */,
				22A58EC422B5F0000068F7C8 /* rainbowlake.jpg */,
			);
			path = Resources;
			sourceTree = "<group>";
		};
		22A58ED222B5F00D0068F7C8 /* Resources */ = {
			isa = PBXGroup;
			children = (
				22A58ED322B5F00D0068F7C8 /* turtlerock.jpg */,
				22A58ED422B5F00D0068F7C8 /* silversalmoncreek.jpg */,
				22A58ED522B5F00D0068F7C8 /* icybay.jpg */,
				22A58ED622B5F00D0068F7C8 /* lakemcdonald.jpg */,
				22A58ED722B5F00D0068F7C8 /* hiddenlake.jpg */,
				22A58ED822B5F00D0068F7C8 /* twinlake.jpg */,
				22A58ED922B5F00D0068F7C8 /* umbagog.jpg */,
				22A58EDA22B5F00D0068F7C8 /* LandmarkData.json */,
				22A58EDB22B5F00D0068F7C8 /* chincoteague.jpg */,
				22A58EDC22B5F00D0068F7C8 /* yukon_charleyrivers.jpg */,
				22A58EDD22B5F00D0068F7C8 /* stmarylake.jpg */,
				22A58EDE22B5F00D0068F7C8 /* chilkoottrail.jpg */,
				22A58EDF22B5F00D0068F7C8 /* rainbowlake.jpg */,
			);
			name = Resources;
			path = Landmarks/Resources;
			sourceTree = SOURCE_ROOT;
		};
/* End PBXGroup section */

/* Begin PBXNativeTarget section */
		227AF06022B0CA8400BC2338 /* LearnSwiftUI */ = {
			isa = PBXNativeTarget;
			buildConfigurationList = 227AF07522B0CA8500BC2338 /* Build configuration list for PBXNativeTarget "LearnSwiftUI" */;
			buildPhases = (
				227AF05D22B0CA8400BC2338 /* Sources */,
				227AF05E22B0CA8400BC2338 /* Frameworks */,
				227AF05F22B0CA8400BC2338 /* Resources */,
			);
			buildRules = (
			);
			dependencies = (
			);
			name = LearnSwiftUI;
			productName = LearnSwiftUI;
			productReference = 227AF06122B0CA8400BC2338 /* LearnSwiftUI.app */;
			productType = "com.apple.product-type.application";
		};
		227AF07B22B0CA9F00BC2338 /* Landmarks */ = {
			isa = PBXNativeTarget;
			buildConfigurationList = 227AF08D22B0CAA000BC2338 /* Build configuration list for PBXNativeTarget "Landmarks" */;
			buildPhases = (
				227AF07822B0CA9F00BC2338 /* Sources */,
				227AF07922B0CA9F00BC2338 /* Frameworks */,
				227AF07A22B0CA9F00BC2338 /* Resources */,
			);
			buildRules = (
			);
			dependencies = (
			);
			name = Landmarks;
			productName = Landmarks;
			productReference = 227AF07C22B0CA9F00BC2338 /* Landmarks.app */;
			productType = "com.apple.product-type.application";
		};
		227AF0E022B0D6B100BC2338 /* DrawingAndAnimation */ = {
			isa = PBXNativeTarget;
			buildConfigurationList = 227AF0F222B0D6B200BC2338 /* Build configuration list for PBXNativeTarget "DrawingAndAnimation" */;
			buildPhases = (
				227AF0DD22B0D6B100BC2338 /* Sources */,
				227AF0DE22B0D6B100BC2338 /* Frameworks */,
				227AF0DF22B0D6B100BC2338 /* Resources */,
			);
			buildRules = (
			);
			dependencies = (
			);
			name = DrawingAndAnimation;
			productName = DrawingAndAnimation;
			productReference = 227AF0E122B0D6B100BC2338 /* DrawingAndAnimation.app */;
			productType = "com.apple.product-type.application";
		};
		22A58EA222B5EE870068F7C8 /* Views */ = {
			isa = PBXNativeTarget;
			buildConfigurationList = 22A58EB622B5EE890068F7C8 /* Build configuration list for PBXNativeTarget "Views" */;
			buildPhases = (
				22A58E9F22B5EE870068F7C8 /* Sources */,
				22A58EA022B5EE870068F7C8 /* Frameworks */,
				22A58EA122B5EE870068F7C8 /* Resources */,
			);
			buildRules = (
			);
			dependencies = (
			);
			name = Views;
			productName = Views;
			productReference = 22A58EA322B5EE870068F7C8 /* Views.app */;
			productType = "com.apple.product-type.application";
		};
/* End PBXNativeTarget section */

/* Begin PBXProject section */
		227AF05922B0CA8400BC2338 /* Project object */ = {
			isa = PBXProject;
			attributes = {
				LastSwiftUpdateCheck = 1100;
				LastUpgradeCheck = 1100;
				ORGANIZATIONNAME = "蔡龙君";
				TargetAttributes = {
					227AF06022B0CA8400BC2338 = {
						CreatedOnToolsVersion = 11.0;
					};
					227AF07B22B0CA9F00BC2338 = {
						CreatedOnToolsVersion = 11.0;
					};
					227AF0E022B0D6B100BC2338 = {
						CreatedOnToolsVersion = 11.0;
					};
					22A58EA222B5EE870068F7C8 = {
						CreatedOnToolsVersion = 11.0;
					};
				};
			};
			buildConfigurationList = 227AF05C22B0CA8400BC2338 /* Build configuration list for PBXProject "LearnSwiftUI" */;
			compatibilityVersion = "Xcode 9.3";
			developmentRegion = en;
			hasScannedForEncodings = 0;
			knownRegions = (
				en,
				Base,
			);
			mainGroup = 227AF05822B0CA8400BC2338;
			productRefGroup = 227AF06222B0CA8400BC2338 /* Products */;
			projectDirPath = "";
			projectRoot = "";
			targets = (
				227AF06022B0CA8400BC2338 /* LearnSwiftUI */,
				227AF07B22B0CA9F00BC2338 /* Landmarks */,
				227AF0E022B0D6B100BC2338 /* DrawingAndAnimation */,
				22A58EA222B5EE870068F7C8 /* Views */,
			);
		};
/* End PBXProject section */

/* Begin PBXResourcesBuildPhase section */
		227AF05F22B0CA8400BC2338 /* Resources */ = {
			isa = PBXResourcesBuildPhase;
			buildActionMask = 2147483647;
			files = (
				227AF07122B0CA8500BC2338 /* LaunchScreen.storyboard in Resources */,
				227AF06E22B0CA8500BC2338 /* Preview Assets.xcassets in Resources */,
				227AF06B22B0CA8500BC2338 /* Assets.xcassets in Resources */,
			);
			runOnlyForDeploymentPostprocessing = 0;
		};
		227AF07A22B0CA9F00BC2338 /* Resources */ = {
			isa = PBXResourcesBuildPhase;
			buildActionMask = 2147483647;
			files = (
				22A58EC822B5F0000068F7C8 /* lakemcdonald.jpg in Resources */,
				22A58EC622B5F0000068F7C8 /* silversalmoncreek.jpg in Resources */,
				22A58EC522B5F0000068F7C8 /* turtlerock.jpg in Resources */,
				22A58ECC22B5F0000068F7C8 /* LandmarkData.json in Resources */,
				227AF08B22B0CAA000BC2338 /* LaunchScreen.storyboard in Resources */,
				22A58ECB22B5F0000068F7C8 /* umbagog.jpg in Resources */,
				22A58ECF22B5F0000068F7C8 /* stmarylake.jpg in Resources */,
				22A58ECD22B5F0000068F7C8 /* chincoteague.jpg in Resources */,
				227AF08822B0CAA000BC2338 /* Preview Assets.xcassets in Resources */,
				22A58EC722B5F0000068F7C8 /* icybay.jpg in Resources */,
				22A58ECA22B5F0000068F7C8 /* twinlake.jpg in Resources */,
				22A58EC922B5F0000068F7C8 /* hiddenlake.jpg in Resources */,
				227AF08522B0CAA000BC2338 /* Assets.xcassets in Resources */,
				22A58ED122B5F0000068F7C8 /* rainbowlake.jpg in Resources */,
				22A58ED022B5F0000068F7C8 /* chilkoottrail.jpg in Resources */,
				22A58ECE22B5F0000068F7C8 /* yukon_charleyrivers.jpg in Resources */,
			);
			runOnlyForDeploymentPostprocessing = 0;
		};
		227AF0DF22B0D6B100BC2338 /* Resources */ = {
			isa = PBXResourcesBuildPhase;
			buildActionMask = 2147483647;
			files = (
				227AF0F022B0D6B200BC2338 /* LaunchScreen.storyboard in Resources */,
				227AF0ED22B0D6B200BC2338 /* Preview Assets.xcassets in Resources */,
				227AF0EA22B0D6B200BC2338 /* Assets.xcassets in Resources */,
			);
			runOnlyForDeploymentPostprocessing = 0;
		};
		22A58EA122B5EE870068F7C8 /* Resources */ = {
			isa = PBXResourcesBuildPhase;
			buildActionMask = 2147483647;
			files = (
				22A58EE322B5F00D0068F7C8 /* lakemcdonald.jpg in Resources */,
				22A58EE122B5F00D0068F7C8 /* silversalmoncreek.jpg in Resources */,
				22A58EE022B5F00D0068F7C8 /* turtlerock.jpg in Resources */,
				22A58EE722B5F00D0068F7C8 /* LandmarkData.json in Resources */,
				22A58EB222B5EE890068F7C8 /* LaunchScreen.storyboard in Resources */,
				22A58EE622B5F00D0068F7C8 /* umbagog.jpg in Resources */,
				22A58EEA22B5F00D0068F7C8 /* stmarylake.jpg in Resources */,
				22A58EE822B5F00D0068F7C8 /* chincoteague.jpg in Resources */,
				22A58EAF22B5EE890068F7C8 /* Preview Assets.xcassets in Resources */,
				22A58EE222B5F00D0068F7C8 /* icybay.jpg in Resources */,
				22A58EE522B5F00D0068F7C8 /* twinlake.jpg in Resources */,
				22A58EE422B5F00D0068F7C8 /* hiddenlake.jpg in Resources */,
				22A58EAC22B5EE890068F7C8 /* Assets.xcassets in Resources */,
				22A58EEC22B5F00D0068F7C8 /* rainbowlake.jpg in Resources */,
				22A58EEB22B5F00D0068F7C8 /* chilkoottrail.jpg in Resources */,
				22A58EE922B5F00D0068F7C8 /* yukon_charleyrivers.jpg in Resources */,
			);
			runOnlyForDeploymentPostprocessing = 0;
		};
/* End PBXResourcesBuildPhase section */

/* Begin PBXSourcesBuildPhase section */
		227AF05D22B0CA8400BC2338 /* Sources */ = {
			isa = PBXSourcesBuildPhase;
			buildActionMask = 2147483647;
			files = (
				227AF06522B0CA8400BC2338 /* AppDelegate.swift in Sources */,
				227AF06722B0CA8400BC2338 /* SceneDelegate.swift in Sources */,
				227AF06922B0CA8400BC2338 /* ContentView.swift in Sources */,
			);
			runOnlyForDeploymentPostprocessing = 0;
		};
		227AF07822B0CA9F00BC2338 /* Sources */ = {
			isa = PBXSourcesBuildPhase;
			buildActionMask = 2147483647;
			files = (
				227AF07F22B0CA9F00BC2338 /* AppDelegate.swift in Sources */,
				227AF0CF22B0CC3F00BC2338 /* Data.swift in Sources */,
				227AF0D622B0CC7600BC2338 /* UserData.swift in Sources */,
				227AF0DB22B0CCB800BC2338 /* MapView.swift in Sources */,
				227AF09222B0CB3400BC2338 /* CircleImages.swift in Sources */,
				227AF0D822B0CC7600BC2338 /* LandmarkList.swift in Sources */,
				227AF08122B0CA9F00BC2338 /* SceneDelegate.swift in Sources */,
				227AF08322B0CA9F00BC2338 /* ContentView.swift in Sources */,
				227AF0D722B0CC7600BC2338 /* LandmarkRow.swift in Sources */,
				227AF0D922B0CC7600BC2338 /* LandmarkDetail.swift in Sources */,
				227AF0D122B0CC5A00BC2338 /* Landmark.swift in Sources */,
			);
			runOnlyForDeploymentPostprocessing = 0;
		};
		227AF0DD22B0D6B100BC2338 /* Sources */ = {
			isa = PBXSourcesBuildPhase;
			buildActionMask = 2147483647;
			files = (
				227AF0FC22B0E46600BC2338 /* BadgeSymbol.swift in Sources */,
				227AF0F822B0D8A300BC2338 /* HexagonParameters.swift in Sources */,
				227AF0FA22B0E40300BC2338 /* BadgeBackground.swift in Sources */,
				227AF0E422B0D6B100BC2338 /* AppDelegate.swift in Sources */,
				227AF0F622B0D88000BC2338 /* Badge.swift in Sources */,
				227AF0E622B0D6B100BC2338 /* SceneDelegate.swift in Sources */,
				227AF0E822B0D6B100BC2338 /* ContentView.swift in Sources */,
				227AF0FE22B0E60400BC2338 /* RotatedBadgeSymbol.swift in Sources */,
			);
			runOnlyForDeploymentPostprocessing = 0;
		};
		22A58E9F22B5EE870068F7C8 /* Sources */ = {
			isa = PBXSourcesBuildPhase;
			buildActionMask = 2147483647;
			files = (
				22A58EA622B5EE870068F7C8 /* AppDelegate.swift in Sources */,
				22A58EA822B5EE870068F7C8 /* SceneDelegate.swift in Sources */,
				22A58EAA22B5EE870068F7C8 /* ContentView.swift in Sources */,
			);
			runOnlyForDeploymentPostprocessing = 0;
		};
/* End PBXSourcesBuildPhase section */

/* Begin PBXVariantGroup section */
		227AF06F22B0CA8500BC2338 /* LaunchScreen.storyboard */ = {
			isa = PBXVariantGroup;
			children = (
				227AF07022B0CA8500BC2338 /* Base */,
			);
			name = LaunchScreen.storyboard;
			sourceTree = "<group>";
		};
		227AF08922B0CAA000BC2338 /* LaunchScreen.storyboard */ = {
			isa = PBXVariantGroup;
			children = (
				227AF08A22B0CAA000BC2338 /* Base */,
			);
			name = LaunchScreen.storyboard;
			sourceTree = "<group>";
		};
		227AF0EE22B0D6B200BC2338 /* LaunchScreen.storyboard */ = {
			isa = PBXVariantGroup;
			children = (
				227AF0EF22B0D6B200BC2338 /* Base */,
			);
			name = LaunchScreen.storyboard;
			sourceTree = "<group>";
		};
		22A58EB022B5EE890068F7C8 /* LaunchScreen.storyboard */ = {
			isa = PBXVariantGroup;
			children = (
				22A58EB122B5EE890068F7C8 /* Base */,
			);
			name = LaunchScreen.storyboard;
			sourceTree = "<group>";
		};
/* End PBXVariantGroup section */

/* Begin XCBuildConfiguration section */
		227AF07322B0CA8500BC2338 /* Debug */ = {
			isa = XCBuildConfiguration;
			buildSettings = {
				ALWAYS_SEARCH_USER_PATHS = NO;
				CLANG_ANALYZER_NONNULL = YES;
				CLANG_ANALYZER_NUMBER_OBJECT_CONVERSION = YES_AGGRESSIVE;
				CLANG_CXX_LANGUAGE_STANDARD = "gnu++14";
				CLANG_CXX_LIBRARY = "libc++";
				CLANG_ENABLE_MODULES = YES;
				CLANG_ENABLE_OBJC_ARC = YES;
				CLANG_ENABLE_OBJC_WEAK = YES;
				CLANG_WARN_BLOCK_CAPTURE_AUTORELEASING = YES;
				CLANG_WARN_BOOL_CONVERSION = YES;
				CLANG_WARN_COMMA = YES;
				CLANG_WARN_CONSTANT_CONVERSION = YES;
				CLANG_WARN_DEPRECATED_OBJC_IMPLEMENTATIONS = YES;
				CLANG_WARN_DIRECT_OBJC_ISA_USAGE = YES_ERROR;
				CLANG_WARN_DOCUMENTATION_COMMENTS = YES;
				CLANG_WARN_EMPTY_BODY = YES;
				CLANG_WARN_ENUM_CONVERSION = YES;
				CLANG_WARN_INFINITE_RECURSION = YES;
				CLANG_WARN_INT_CONVERSION = YES;
				CLANG_WARN_NON_LITERAL_NULL_CONVERSION = YES;
				CLANG_WARN_OBJC_IMPLICIT_RETAIN_SELF = YES;
				CLANG_WARN_OBJC_LITERAL_CONVERSION = YES;
				CLANG_WARN_OBJC_ROOT_CLASS = YES_ERROR;
				CLANG_WARN_RANGE_LOOP_ANALYSIS = YES;
				CLANG_WARN_STRICT_PROTOTYPES = YES;
				CLANG_WARN_SUSPICIOUS_MOVE = YES;
				CLANG_WARN_UNGUARDED_AVAILABILITY = YES_AGGRESSIVE;
				CLANG_WARN_UNREACHABLE_CODE = YES;
				CLANG_WARN__DUPLICATE_METHOD_MATCH = YES;
				COPY_PHASE_STRIP = NO;
				DEBUG_INFORMATION_FORMAT = dwarf;
				ENABLE_STRICT_OBJC_MSGSEND = YES;
				ENABLE_TESTABILITY = YES;
				GCC_C_LANGUAGE_STANDARD = gnu11;
				GCC_DYNAMIC_NO_PIC = NO;
				GCC_NO_COMMON_BLOCKS = YES;
				GCC_OPTIMIZATION_LEVEL = 0;
				GCC_PREPROCESSOR_DEFINITIONS = (
					"DEBUG=1",
					"$(inherited)",
				);
				GCC_WARN_64_TO_32_BIT_CONVERSION = YES;
				GCC_WARN_ABOUT_RETURN_TYPE = YES_ERROR;
				GCC_WARN_UNDECLARED_SELECTOR = YES;
				GCC_WARN_UNINITIALIZED_AUTOS = YES_AGGRESSIVE;
				GCC_WARN_UNUSED_FUNCTION = YES;
				GCC_WARN_UNUSED_VARIABLE = YES;
				IPHONEOS_DEPLOYMENT_TARGET = 13.0;
				MTL_ENABLE_DEBUG_INFO = INCLUDE_SOURCE;
				MTL_FAST_MATH = YES;
				ONLY_ACTIVE_ARCH = YES;
				SDKROOT = iphoneos;
				SWIFT_ACTIVE_COMPILATION_CONDITIONS = DEBUG;
				SWIFT_OPTIMIZATION_LEVEL = "-Onone";
			};
			name = Debug;
		};
		227AF07422B0CA8500BC2338 /* Release */ = {
			isa = XCBuildConfiguration;
			buildSettings = {
				ALWAYS_SEARCH_USER_PATHS = NO;
				CLANG_ANALYZER_NONNULL = YES;
				CLANG_ANALYZER_NUMBER_OBJECT_CONVERSION = YES_AGGRESSIVE;
				CLANG_CXX_LANGUAGE_STANDARD = "gnu++14";
				CLANG_CXX_LIBRARY = "libc++";
				CLANG_ENABLE_MODULES = YES;
				CLANG_ENABLE_OBJC_ARC = YES;
				CLANG_ENABLE_OBJC_WEAK = YES;
				CLANG_WARN_BLOCK_CAPTURE_AUTORELEASING = YES;
				CLANG_WARN_BOOL_CONVERSION = YES;
				CLANG_WARN_COMMA = YES;
				CLANG_WARN_CONSTANT_CONVERSION = YES;
				CLANG_WARN_DEPRECATED_OBJC_IMPLEMENTATIONS = YES;
				CLANG_WARN_DIRECT_OBJC_ISA_USAGE = YES_ERROR;
				CLANG_WARN_DOCUMENTATION_COMMENTS = YES;
				CLANG_WARN_EMPTY_BODY = YES;
				CLANG_WARN_ENUM_CONVERSION = YES;
				CLANG_WARN_INFINITE_RECURSION = YES;
				CLANG_WARN_INT_CONVERSION = YES;
				CLANG_WARN_NON_LITERAL_NULL_CONVERSION = YES;
				CLANG_WARN_OBJC_IMPLICIT_RETAIN_SELF = YES;
				CLANG_WARN_OBJC_LITERAL_CONVERSION = YES;
				CLANG_WARN_OBJC_ROOT_CLASS = YES_ERROR;
				CLANG_WARN_RANGE_LOOP_ANALYSIS = YES;
				CLANG_WARN_STRICT_PROTOTYPES = YES;
				CLANG_WARN_SUSPICIOUS_MOVE = YES;
				CLANG_WARN_UNGUARDED_AVAILABILITY = YES_AGGRESSIVE;
				CLANG_WARN_UNREACHABLE_CODE = YES;
				CLANG_WARN__DUPLICATE_METHOD_MATCH = YES;
				COPY_PHASE_STRIP = NO;
				DEBUG_INFORMATION_FORMAT = "dwarf-with-dsym";
				ENABLE_NS_ASSERTIONS = NO;
				ENABLE_STRICT_OBJC_MSGSEND = YES;
				GCC_C_LANGUAGE_STANDARD = gnu11;
				GCC_NO_COMMON_BLOCKS = YES;
				GCC_WARN_64_TO_32_BIT_CONVERSION = YES;
				GCC_WARN_ABOUT_RETURN_TYPE = YES_ERROR;
				GCC_WARN_UNDECLARED_SELECTOR = YES;
				GCC_WARN_UNINITIALIZED_AUTOS = YES_AGGRESSIVE;
				GCC_WARN_UNUSED_FUNCTION = YES;
				GCC_WARN_UNUSED_VARIABLE = YES;
				IPHONEOS_DEPLOYMENT_TARGET = 13.0;
				MTL_ENABLE_DEBUG_INFO = NO;
				MTL_FAST_MATH = YES;
				SDKROOT = iphoneos;
				SWIFT_COMPILATION_MODE = wholemodule;
				SWIFT_OPTIMIZATION_LEVEL = "-O";
				VALIDATE_PRODUCT = YES;
			};
			name = Release;
		};
		227AF07622B0CA8500BC2338 /* Debug */ = {
			isa = XCBuildConfiguration;
			buildSettings = {
				ASSETCATALOG_COMPILER_APPICON_NAME = AppIcon;
				CODE_SIGN_STYLE = Automatic;
				DEVELOPMENT_ASSET_PATHS = "LearnSwiftUI/Preview\\ Content";
				DEVELOPMENT_TEAM = JVF4WB423W;
				ENABLE_PREVIEWS = YES;
				INFOPLIST_FILE = LearnSwiftUI/Info.plist;
				LD_RUNPATH_SEARCH_PATHS = (
					"$(inherited)",
					"@executable_path/Frameworks",
				);
				PRODUCT_BUNDLE_IDENTIFIER = dev.caiflower..LearnSwiftUI;
				PRODUCT_NAME = "$(TARGET_NAME)";
				SWIFT_VERSION = 5.0;
				TARGETED_DEVICE_FAMILY = "1,2";
			};
			name = Debug;
		};
		227AF07722B0CA8500BC2338 /* Release */ = {
			isa = XCBuildConfiguration;
			buildSettings = {
				ASSETCATALOG_COMPILER_APPICON_NAME = AppIcon;
				CODE_SIGN_STYLE = Automatic;
				DEVELOPMENT_ASSET_PATHS = "LearnSwiftUI/Preview\\ Content";
				DEVELOPMENT_TEAM = JVF4WB423W;
				ENABLE_PREVIEWS = YES;
				INFOPLIST_FILE = LearnSwiftUI/Info.plist;
				LD_RUNPATH_SEARCH_PATHS = (
					"$(inherited)",
					"@executable_path/Frameworks",
				);
				PRODUCT_BUNDLE_IDENTIFIER = dev.caiflower..LearnSwiftUI;
				PRODUCT_NAME = "$(TARGET_NAME)";
				SWIFT_VERSION = 5.0;
				TARGETED_DEVICE_FAMILY = "1,2";
			};
			name = Release;
		};
		227AF08E22B0CAA000BC2338 /* Debug */ = {
			isa = XCBuildConfiguration;
			buildSettings = {
				ASSETCATALOG_COMPILER_APPICON_NAME = AppIcon;
				CODE_SIGN_STYLE = Automatic;
				DEVELOPMENT_ASSET_PATHS = "Landmarks/Preview\\ Content";
				DEVELOPMENT_TEAM = JVF4WB423W;
				ENABLE_PREVIEWS = YES;
				INFOPLIST_FILE = Landmarks/Info.plist;
				LD_RUNPATH_SEARCH_PATHS = (
					"$(inherited)",
					"@executable_path/Frameworks",
				);
				PRODUCT_BUNDLE_IDENTIFIER = dev.caiflower..Landmarks;
				PRODUCT_NAME = "$(TARGET_NAME)";
				SWIFT_VERSION = 5.0;
				TARGETED_DEVICE_FAMILY = "1,2";
			};
			name = Debug;
		};
		227AF08F22B0CAA000BC2338 /* Release */ = {
			isa = XCBuildConfiguration;
			buildSettings = {
				ASSETCATALOG_COMPILER_APPICON_NAME = AppIcon;
				CODE_SIGN_STYLE = Automatic;
				DEVELOPMENT_ASSET_PATHS = "Landmarks/Preview\\ Content";
				DEVELOPMENT_TEAM = JVF4WB423W;
				ENABLE_PREVIEWS = YES;
				INFOPLIST_FILE = Landmarks/Info.plist;
				LD_RUNPATH_SEARCH_PATHS = (
					"$(inherited)",
					"@executable_path/Frameworks",
				);
				PRODUCT_BUNDLE_IDENTIFIER = dev.caiflower..Landmarks;
				PRODUCT_NAME = "$(TARGET_NAME)";
				SWIFT_VERSION = 5.0;
				TARGETED_DEVICE_FAMILY = "1,2";
			};
			name = Release;
		};
		227AF0F322B0D6B200BC2338 /* Debug */ = {
			isa = XCBuildConfiguration;
			buildSettings = {
				ASSETCATALOG_COMPILER_APPICON_NAME = AppIcon;
				CODE_SIGN_STYLE = Automatic;
				DEVELOPMENT_ASSET_PATHS = "DrawingAndAnimation/Preview\\ Content";
				DEVELOPMENT_TEAM = JVF4WB423W;
				ENABLE_PREVIEWS = YES;
				INFOPLIST_FILE = DrawingAndAnimation/Info.plist;
				LD_RUNPATH_SEARCH_PATHS = (
					"$(inherited)",
					"@executable_path/Frameworks",
				);
				PRODUCT_BUNDLE_IDENTIFIER = dev.caiflower..DrawingAndAnimation;
				PRODUCT_NAME = "$(TARGET_NAME)";
				SWIFT_VERSION = 5.0;
				TARGETED_DEVICE_FAMILY = "1,2";
			};
			name = Debug;
		};
		227AF0F422B0D6B200BC2338 /* Release */ = {
			isa = XCBuildConfiguration;
			buildSettings = {
				ASSETCATALOG_COMPILER_APPICON_NAME = AppIcon;
				CODE_SIGN_STYLE = Automatic;
				DEVELOPMENT_ASSET_PATHS = "DrawingAndAnimation/Preview\\ Content";
				DEVELOPMENT_TEAM = JVF4WB423W;
				ENABLE_PREVIEWS = YES;
				INFOPLIST_FILE = DrawingAndAnimation/Info.plist;
				LD_RUNPATH_SEARCH_PATHS = (
					"$(inherited)",
					"@executable_path/Frameworks",
				);
				PRODUCT_BUNDLE_IDENTIFIER = dev.caiflower..DrawingAndAnimation;
				PRODUCT_NAME = "$(TARGET_NAME)";
				SWIFT_VERSION = 5.0;
				TARGETED_DEVICE_FAMILY = "1,2";
			};
			name = Release;
		};
		22A58EB422B5EE890068F7C8 /* Debug */ = {
			isa = XCBuildConfiguration;
			buildSettings = {
				ASSETCATALOG_COMPILER_APPICON_NAME = AppIcon;
				CODE_SIGN_STYLE = Automatic;
				DEVELOPMENT_ASSET_PATHS = "Views/Preview\\ Content";
				DEVELOPMENT_TEAM = JVF4WB423W;
				ENABLE_PREVIEWS = YES;
				INFOPLIST_FILE = Views/Info.plist;
				LD_RUNPATH_SEARCH_PATHS = (
					"$(inherited)",
					"@executable_path/Frameworks",
				);
				PRODUCT_BUNDLE_IDENTIFIER = dev.swifter.Views;
				PRODUCT_NAME = "$(TARGET_NAME)";
				SWIFT_VERSION = 5.0;
				TARGETED_DEVICE_FAMILY = "1,2";
			};
			name = Debug;
		};
		22A58EB522B5EE890068F7C8 /* Release */ = {
			isa = XCBuildConfiguration;
			buildSettings = {
				ASSETCATALOG_COMPILER_APPICON_NAME = AppIcon;
				CODE_SIGN_STYLE = Automatic;
				DEVELOPMENT_ASSET_PATHS = "Views/Preview\\ Content";
				DEVELOPMENT_TEAM = JVF4WB423W;
				ENABLE_PREVIEWS = YES;
				INFOPLIST_FILE = Views/Info.plist;
				LD_RUNPATH_SEARCH_PATHS = (
					"$(inherited)",
					"@executable_path/Frameworks",
				);
				PRODUCT_BUNDLE_IDENTIFIER = dev.swifter.Views;
				PRODUCT_NAME = "$(TARGET_NAME)";
				SWIFT_VERSION = 5.0;
				TARGETED_DEVICE_FAMILY = "1,2";
			};
			name = Release;
		};
/* End XCBuildConfiguration section */

/* Begin XCConfigurationList section */
		227AF05C22B0CA8400BC2338 /* Build configuration list for PBXProject "LearnSwiftUI" */ = {
			isa = XCConfigurationList;
			buildConfigurations = (
				227AF07322B0CA8500BC2338 /* Debug */,
				227AF07422B0CA8500BC2338 /* Release */,
			);
			defaultConfigurationIsVisible = 0;
			defaultConfigurationName = Release;
		};
		227AF07522B0CA8500BC2338 /* Build configuration list for PBXNativeTarget "LearnSwiftUI" */ = {
			isa = XCConfigurationList;
			buildConfigurations = (
				227AF07622B0CA8500BC2338 /* Debug */,
				227AF07722B0CA8500BC2338 /* Release */,
			);
			defaultConfigurationIsVisible = 0;
			defaultConfigurationName = Release;
		};
		227AF08D22B0CAA000BC2338 /* Build configuration list for PBXNativeTarget "Landmarks" */ = {
			isa = XCConfigurationList;
			buildConfigurations = (
				227AF08E22B0CAA000BC2338 /* Debug */,
				227AF08F22B0CAA000BC2338 /* Release */,
			);
			defaultConfigurationIsVisible = 0;
			defaultConfigurationName = Release;
		};
		227AF0F222B0D6B200BC2338 /* Build configuration list for PBXNativeTarget "DrawingAndAnimation" */ = {
			isa = XCConfigurationList;
			buildConfigurations = (
				227AF0F322B0D6B200BC2338 /* Debug */,
				227AF0F422B0D6B200BC2338 /* Release */,
			);
			defaultConfigurationIsVisible = 0;
			defaultConfigurationName = Release;
		};
		22A58EB622B5EE890068F7C8 /* Build configuration list for PBXNativeTarget "Views" */ = {
			isa = XCConfigurationList;
			buildConfigurations = (
				22A58EB422B5EE890068F7C8 /* Debug */,
				22A58EB522B5EE890068F7C8 /* Release */,
			);
			defaultConfigurationIsVisible = 0;
			defaultConfigurationName = Release;
		};
/* End XCConfigurationList section */
	};
	rootObject = 227AF05922B0CA8400BC2338 /* Project object */;
}
